# generated by rye
# use `rye lock` or `rye sync` to update this lockfile
#
# last locked with the following flags:
#   pre: false
#   features: []
#   all-features: false
#   with-sources: false
#   generate-hashes: false

-e file:.
appdirs==1.4.4
    # via fast-bioservices
markdown-it-py==3.0.0
    # via rich
mdurl==0.1.2
    # via markdown-it-py
numpy==1.26.4
    # via pandas
pandas==2.2.2
    # via fast-bioservices
pygments==2.18.0
    # via rich
python-dateutil==2.9.0.post0
    # via pandas
pytz==2024.1
    # via pandas
rich==13.7.1
    # via fast-bioservices
six==1.16.0
    # via python-dateutil
tzdata==2024.1
    # via pandas
