# generated by rye
# use `rye lock` or `rye sync` to update this lockfile
#
# last locked with the following flags:
#   pre: false
#   features: []
#   all-features: false
#   with-sources: false
#   generate-hashes: false

-e file:.
boto3==1.34.144
    # via dadude
botocore==1.34.144
    # via boto3
    # via s3transfer
deltalake==0.18.2
    # via dadude
duckdb==1.0.0
    # via dadude
fire==0.6.0
    # via dadude
jmespath==1.0.1
    # via boto3
    # via botocore
loguru==0.7.2
    # via dadude
numpy==2.0.0
    # via pandas
    # via pyarrow
pandas==2.2.2
    # via dadude
pyarrow==16.1.0
    # via deltalake
pyarrow-hotfix==0.6
    # via deltalake
python-dateutil==2.9.0.post0
    # via botocore
    # via pandas
pytz==2024.1
    # via pandas
s3transfer==0.10.2
    # via boto3
six==1.16.0
    # via fire
    # via python-dateutil
termcolor==2.4.0
    # via fire
tqdm==4.66.4
    # via dadude
tzdata==2024.1
    # via pandas
urllib3==2.2.2
    # via botocore
