# generated by rye
# use `rye lock` or `rye sync` to update this lockfile
#
# last locked with the following flags:
#   pre: false
#   features: []
#   all-features: false
#   with-sources: false
#   generate-hashes: false
#   universal: false

-e file:.
annotated-types==0.7.0
    # via pydantic
anyio==4.4.0
    # via starlette
certifi==2024.7.4
    # via requests
charset-normalizer==3.3.2
    # via requests
click==8.1.7
    # via uvicorn
confluent-kafka==2.5.0
    # via qoa4ml
docker==7.1.0
    # via qoa4ml
exceptiongroup==1.2.2
    # via anyio
fastapi==0.112.1
    # via qoa4ml
flatten-dict==0.4.2
    # via qoa4ml
h11==0.14.0
    # via uvicorn
idna==3.7
    # via anyio
    # via requests
lazy-import==0.2.2
    # via qoa4ml
numpy==2.1.0
    # via pandas
    # via qoa4ml
pandas==2.2.2
    # via qoa4ml
pika==1.3.2
    # via qoa4ml
psutil==6.0.0
    # via qoa4ml
pydantic==2.7.4
    # via fastapi
    # via qoa4ml
pydantic-core==2.18.4
    # via pydantic
python-dateutil==2.9.0.post0
    # via pandas
pytz==2024.1
    # via pandas
pyyaml==6.0.2
    # via qoa4ml
requests==2.32.3
    # via docker
    # via qoa4ml
six==1.16.0
    # via flatten-dict
    # via lazy-import
    # via python-dateutil
sniffio==1.3.1
    # via anyio
starlette==0.38.2
    # via fastapi
tinyflux==1.0.0
    # via qoa4ml
typing-extensions==4.12.2
    # via anyio
    # via fastapi
    # via pydantic
    # via pydantic-core
    # via uvicorn
tzdata==2024.1
    # via pandas
urllib3==2.2.2
    # via docker
    # via requests
uvicorn==0.30.6
    # via qoa4ml
