# generated by rye
# use `rye lock` or `rye sync` to update this lockfile
#
# last locked with the following flags:
#   pre: false
#   features: []
#   all-features: false
#   with-sources: false
#   generate-hashes: false

-e file:.
asttokens==2.4.1
    # via stack-data
boto3==1.34.144
    # via dadude
botocore==1.34.144
    # via boto3
    # via s3transfer
comm==0.2.2
    # via ipykernel
debugpy==1.8.2
    # via ipykernel
decorator==5.1.1
    # via ipython
deltalake==0.18.2
    # via dadude
duckdb==1.0.0
    # via dadude
executing==2.0.1
    # via stack-data
fire==0.6.0
    # via dadude
iniconfig==2.0.0
    # via pytest
ipykernel==6.29.5
ipython==8.26.0
    # via ipykernel
jedi==0.19.1
    # via ipython
jmespath==1.0.1
    # via boto3
    # via botocore
jupyter-client==8.6.2
    # via ipykernel
jupyter-core==5.7.2
    # via ipykernel
    # via jupyter-client
loguru==0.7.2
    # via dadude
matplotlib-inline==0.1.7
    # via ipykernel
    # via ipython
nest-asyncio==1.6.0
    # via ipykernel
numpy==2.0.0
    # via pandas
    # via pyarrow
packaging==24.1
    # via ipykernel
    # via pytest
pandas==2.2.2
    # via dadude
parso==0.8.4
    # via jedi
pexpect==4.9.0
    # via ipython
platformdirs==4.2.2
    # via jupyter-core
pluggy==1.5.0
    # via pytest
prompt-toolkit==3.0.47
    # via ipython
psutil==6.0.0
    # via ipykernel
ptyprocess==0.7.0
    # via pexpect
pure-eval==0.2.2
    # via stack-data
pyarrow==16.1.0
    # via deltalake
pyarrow-hotfix==0.6
    # via deltalake
pygments==2.18.0
    # via ipython
pytest==8.2.2
    # via pytest-dotenv
pytest-dotenv==0.5.2
python-dateutil==2.9.0.post0
    # via botocore
    # via jupyter-client
    # via pandas
python-dotenv==1.0.1
    # via pytest-dotenv
pytz==2024.1
    # via pandas
pyzmq==26.0.3
    # via ipykernel
    # via jupyter-client
s3transfer==0.10.2
    # via boto3
six==1.16.0
    # via asttokens
    # via fire
    # via python-dateutil
stack-data==0.6.3
    # via ipython
termcolor==2.4.0
    # via fire
tornado==6.4.1
    # via ipykernel
    # via jupyter-client
tqdm==4.66.4
    # via dadude
traitlets==5.14.3
    # via comm
    # via ipykernel
    # via ipython
    # via jupyter-client
    # via jupyter-core
    # via matplotlib-inline
tzdata==2024.1
    # via pandas
urllib3==2.2.2
    # via botocore
wcwidth==0.2.13
    # via prompt-toolkit
